
Microsoft Visual Studio Solution File, Format Version 12.00
# Visual Studio 15
VisualStudioVersion = 15.0.27703.2000
MinimumVisualStudioVersion = 10.0.40219.1
Project("{FAE04EC0-301F-11D3-BF4B-00C04F79EFBC}") = "GUI", "GUI\GUI.csproj", "{D713BA0F-090A-4AFB-AB44-06C044C95D02}"
EndProject
Project("{FAE04EC0-301F-11D3-BF4B-00C04F79EFBC}") = "DTO", "DTO\DTO.csproj", "{54C978B9-D133-4658-891A-44C9132EA478}"
EndProject
Project("{FAE04EC0-301F-11D3-BF4B-00C04F79EFBC}") = "DAO", "DAO\DAO.csproj", "{078D5645-187D-4428-8953-FFE8A308B8E2}"
EndProject
Project("{FAE04EC0-301F-11D3-BF4B-00C04F79EFBC}") = "BUS", "BUS\BUS.csproj", "{385C3BF3-E28A-423A-877C-049FBAAC192A}"
EndProject
Project("{54435603-DBB4-11D2-8724-00A0C9A8B90C}") = "SetupGarage", "SetupGarage\SetupGarage.vdproj", "{42D7A289-013F-40C5-AC2F-8EC13239A608}"
EndProject
Project("{54435603-DBB4-11D2-8724-00A0C9A8B90C}") = "Setup1", "Setup1\Setup1.vdproj", "{30E29F3C-F4F2-4697-8B02-4330BB93D13E}"
EndProject
Global
	GlobalSection(SolutionConfigurationPlatforms) = preSolution
		Debug|Any CPU = Debug|Any CPU
		Release|Any CPU = Release|Any CPU
	EndGlobalSection
	GlobalSection(ProjectConfigurationPlatforms) = postSolution
		{D713BA0F-090A-4AFB-AB44-06C044C95D02}.Debug|Any CPU.ActiveCfg = Debug|Any CPU
		{D713BA0F-090A-4AFB-AB44-06C044C95D02}.Debug|Any CPU.Build.0 = Debug|Any CPU
		{D713BA0F-090A-4AFB-AB44-06C044C95D02}.Release|Any CPU.ActiveCfg = Release|Any CPU
		{D713BA0F-090A-4AFB-AB44-06C044C95D02}.Release|Any CPU.Build.0 = Release|Any CPU
		{54C978B9-D133-4658-891A-44C9132EA478}.Debug|Any CPU.ActiveCfg = Debug|Any CPU
		{54C978B9-D133-4658-891A-44C9132EA478}.Debug|Any CPU.Build.0 = Debug|Any CPU
		{54C978B9-D133-4658-891A-44C9132EA478}.Release|Any CPU.ActiveCfg = Release|Any CPU
		{54C978B9-D133-4658-891A-44C9132EA478}.Release|Any CPU.Build.0 = Release|Any CPU
		{078D5645-187D-4428-8953-FFE8A308B8E2}.Debug|Any CPU.ActiveCfg = Debug|Any CPU
		{078D5645-187D-4428-8953-FFE8A308B8E2}.Debug|Any CPU.Build.0 = Debug|Any CPU
		{078D5645-187D-4428-8953-FFE8A308B8E2}.Release|Any CPU.ActiveCfg = Release|Any CPU
		{078D5645-187D-4428-8953-FFE8A308B8E2}.Release|Any CPU.Build.0 = Release|Any CPU
		{385C3BF3-E28A-423A-877C-049FBAAC192A}.Debug|Any CPU.ActiveCfg = Debug|Any CPU
		{385C3BF3-E28A-423A-877C-049FBAAC192A}.Debug|Any CPU.Build.0 = Debug|Any CPU
		{385C3BF3-E28A-423A-877C-049FBAAC192A}.Release|Any CPU.ActiveCfg = Release|Any CPU
		{385C3BF3-E28A-423A-877C-049FBAAC192A}.Release|Any CPU.Build.0 = Release|Any CPU
		{42D7A289-013F-40C5-AC2F-8EC13239A608}.Debug|Any CPU.ActiveCfg = Debug
		{42D7A289-013F-40C5-AC2F-8EC13239A608}.Release|Any CPU.ActiveCfg = Release
		{30E29F3C-F4F2-4697-8B02-4330BB93D13E}.Debug|Any CPU.ActiveCfg = Debug
		{30E29F3C-F4F2-4697-8B02-4330BB93D13E}.Release|Any CPU.ActiveCfg = Release
	EndGlobalSection
	GlobalSection(SolutionProperties) = preSolution
		HideSolutionNode = FALSE
	EndGlobalSection
	GlobalSection(ExtensibilityGlobals) = postSolution
		SolutionGuid = {7B672355-BB08-4E82-9845-7F43160AAE51}
	EndGlobalSection
EndGlobal
